
Microsoft Visual Studio Solution File, Format Version 12.00
# Visual Studio Version 16
VisualStudioVersion = 16.0.30907.101
MinimumVisualStudioVersion = 10.0.40219.1
Project("{8BC9CEB8-8B4A-11D0-8D11-00A0C91BC942}") = "CEModPacker.Logic", "CEModPacker.Logic\CEModPacker.Logic.vcxproj", "{98267A4B-7D1E-4B29-BCDD-92F1687C74A8}"
EndProject
Project("{9A19103F-16F7-4668-BE54-9A1E7A4F7556}") = "CEModPacker", "CEModPacker\CEModPacker.csproj", "{41D67C5E-31AC-4C4A-A157-AC8E58E487EA}"
	ProjectSection(ProjectDependencies) = postProject
		{98267A4B-7D1E-4B29-BCDD-92F1687C74A8} = {98267A4B-7D1E-4B29-BCDD-92F1687C74A8}
	EndProjectSection
EndProject
Project("{2150E333-8FDC-42A3-9474-1A3956D46DE8}") = "Solution Items", "Solution Items", "{7ABE3DBF-277C-4110-B37C-05B3CBDE4D97}"
	ProjectSection(SolutionItems) = preProject
		.gitignore = .gitignore
		LICENSE = LICENSE
		README.md = README.md
	EndProjectSection
EndProject
Project("{8BC9CEB8-8B4A-11D0-8D11-00A0C91BC942}") = "CEModPacker.Console", "CEModPacker.Console\CEModPacker.Console.vcxproj", "{A4716F7E-B1D1-4E70-9C87-8ADA247CEA4E}"
EndProject
Project("{8BC9CEB8-8B4A-11D0-8D11-00A0C91BC942}") = "CEModPacker.Shared", "CEModPacker.Shared\CEModPacker.Shared.vcxitems", "{4A81D6B5-31DA-4A29-B85E-7F19476CBD7F}"
EndProject
Global
	GlobalSection(SharedMSBuildProjectFiles) = preSolution
		CEModPacker.Shared\CEModPacker.Shared.vcxitems*{4a81d6b5-31da-4a29-b85e-7f19476cbd7f}*SharedItemsImports = 9
		CEModPacker.Shared\CEModPacker.Shared.vcxitems*{98267a4b-7d1e-4b29-bcdd-92f1687c74a8}*SharedItemsImports = 4
		CEModPacker.Shared\CEModPacker.Shared.vcxitems*{a4716f7e-b1d1-4e70-9c87-8ada247cea4e}*SharedItemsImports = 4
	EndGlobalSection
	GlobalSection(SolutionConfigurationPlatforms) = preSolution
		Debug|x64 = Debug|x64
		Release|x64 = Release|x64
	EndGlobalSection
	GlobalSection(ProjectConfigurationPlatforms) = postSolution
		{98267A4B-7D1E-4B29-BCDD-92F1687C74A8}.Debug|x64.ActiveCfg = Debug|x64
		{98267A4B-7D1E-4B29-BCDD-92F1687C74A8}.Debug|x64.Build.0 = Debug|x64
		{98267A4B-7D1E-4B29-BCDD-92F1687C74A8}.Release|x64.ActiveCfg = Release|x64
		{98267A4B-7D1E-4B29-BCDD-92F1687C74A8}.Release|x64.Build.0 = Release|x64
		{41D67C5E-31AC-4C4A-A157-AC8E58E487EA}.Debug|x64.ActiveCfg = Debug|x64
		{41D67C5E-31AC-4C4A-A157-AC8E58E487EA}.Debug|x64.Build.0 = Debug|x64
		{41D67C5E-31AC-4C4A-A157-AC8E58E487EA}.Release|x64.ActiveCfg = Release|x64
		{41D67C5E-31AC-4C4A-A157-AC8E58E487EA}.Release|x64.Build.0 = Release|x64
		{A4716F7E-B1D1-4E70-9C87-8ADA247CEA4E}.Debug|x64.ActiveCfg = Debug|x64
		{A4716F7E-B1D1-4E70-9C87-8ADA247CEA4E}.Debug|x64.Build.0 = Debug|x64
		{A4716F7E-B1D1-4E70-9C87-8ADA247CEA4E}.Release|x64.ActiveCfg = Release|x64
		{A4716F7E-B1D1-4E70-9C87-8ADA247CEA4E}.Release|x64.Build.0 = Release|x64
	EndGlobalSection
	GlobalSection(SolutionProperties) = preSolution
		HideSolutionNode = FALSE
	EndGlobalSection
	GlobalSection(ExtensibilityGlobals) = postSolution
		SolutionGuid = {6180CF10-0794-4D5A-8413-04D0F6C58BFE}
	EndGlobalSection
EndGlobal
